
Microsoft Visual Studio Solution File, Format Version 12.00
# Visual Studio Version 17
VisualStudioVersion = 17.14.36301.6 d17.14
MinimumVisualStudioVersion = 10.0.40219.1
Project("{FAE04EC0-301F-11D3-BF4B-00C04F79EFBC}") = "Business", "Business\Business.csproj", "{C5827C10-32D2-D72F-4639-49B48E591E74}"
EndProject
Project("{FAE04EC0-301F-11D3-BF4B-00C04F79EFBC}") = "ConsoleUI", "ConsoleUI\ConsoleUI.csproj", "{A43922E1-258B-B9E9-5D01-C8DBBC19C108}"
EndProject
Project("{FAE04EC0-301F-11D3-BF4B-00C04F79EFBC}") = "DataAccess", "DataAccess\DataAccess.csproj", "{45E8AD2D-F6CC-99C0-B6AF-489676982DA4}"
EndProject
Project("{FAE04EC0-301F-11D3-BF4B-00C04F79EFBC}") = "WebAPI", "WebAPI\WebAPI.csproj", "{8D6B33C5-CEE1-20B5-A207-99CBB61F699C}"
EndProject
Project("{FAE04EC0-301F-11D3-BF4B-00C04F79EFBC}") = "Entities", "Entities\Entities.csproj", "{95DE3BD9-A587-35A9-17E0-3C34D2A57441}"
EndProject
Project("{FAE04EC0-301F-11D3-BF4B-00C04F79EFBC}") = "Core", "Core\Core.csproj", "{5ED06CAD-956C-C94D-BC0C-E89E30A887C2}"
EndProject
Global
	GlobalSection(SolutionConfigurationPlatforms) = preSolution
		Debug|Any CPU = Debug|Any CPU
		Release|Any CPU = Release|Any CPU
	EndGlobalSection
	GlobalSection(ProjectConfigurationPlatforms) = postSolution
		{C5827C10-32D2-D72F-4639-49B48E591E74}.Debug|Any CPU.ActiveCfg = Debug|Any CPU
		{C5827C10-32D2-D72F-4639-49B48E591E74}.Debug|Any CPU.Build.0 = Debug|Any CPU
		{C5827C10-32D2-D72F-4639-49B48E591E74}.Release|Any CPU.ActiveCfg = Release|Any CPU
		{C5827C10-32D2-D72F-4639-49B48E591E74}.Release|Any CPU.Build.0 = Release|Any CPU
		{A43922E1-258B-B9E9-5D01-C8DBBC19C108}.Debug|Any CPU.ActiveCfg = Debug|Any CPU
		{A43922E1-258B-B9E9-5D01-C8DBBC19C108}.Debug|Any CPU.Build.0 = Debug|Any CPU
		{A43922E1-258B-B9E9-5D01-C8DBBC19C108}.Release|Any CPU.ActiveCfg = Release|Any CPU
		{A43922E1-258B-B9E9-5D01-C8DBBC19C108}.Release|Any CPU.Build.0 = Release|Any CPU
		{45E8AD2D-F6CC-99C0-B6AF-489676982DA4}.Debug|Any CPU.ActiveCfg = Debug|Any CPU
		{45E8AD2D-F6CC-99C0-B6AF-489676982DA4}.Debug|Any CPU.Build.0 = Debug|Any CPU
		{45E8AD2D-F6CC-99C0-B6AF-489676982DA4}.Release|Any CPU.ActiveCfg = Release|Any CPU
		{45E8AD2D-F6CC-99C0-B6AF-489676982DA4}.Release|Any CPU.Build.0 = Release|Any CPU
		{8D6B33C5-CEE1-20B5-A207-99CBB61F699C}.Debug|Any CPU.ActiveCfg = Debug|Any CPU
		{8D6B33C5-CEE1-20B5-A207-99CBB61F699C}.Debug|Any CPU.Build.0 = Debug|Any CPU
		{8D6B33C5-CEE1-20B5-A207-99CBB61F699C}.Release|Any CPU.ActiveCfg = Release|Any CPU
		{8D6B33C5-CEE1-20B5-A207-99CBB61F699C}.Release|Any CPU.Build.0 = Release|Any CPU
		{95DE3BD9-A587-35A9-17E0-3C34D2A57441}.Debug|Any CPU.ActiveCfg = Debug|Any CPU
		{95DE3BD9-A587-35A9-17E0-3C34D2A57441}.Debug|Any CPU.Build.0 = Debug|Any CPU
		{95DE3BD9-A587-35A9-17E0-3C34D2A57441}.Release|Any CPU.ActiveCfg = Release|Any CPU
		{95DE3BD9-A587-35A9-17E0-3C34D2A57441}.Release|Any CPU.Build.0 = Release|Any CPU
		{5ED06CAD-956C-C94D-BC0C-E89E30A887C2}.Debug|Any CPU.ActiveCfg = Debug|Any CPU
		{5ED06CAD-956C-C94D-BC0C-E89E30A887C2}.Debug|Any CPU.Build.0 = Debug|Any CPU
		{5ED06CAD-956C-C94D-BC0C-E89E30A887C2}.Release|Any CPU.ActiveCfg = Release|Any CPU
		{5ED06CAD-956C-C94D-BC0C-E89E30A887C2}.Release|Any CPU.Build.0 = Release|Any CPU
	EndGlobalSection
	GlobalSection(SolutionProperties) = preSolution
		HideSolutionNode = FALSE
	EndGlobalSection
	GlobalSection(ExtensibilityGlobals) = postSolution
		SolutionGuid = {34A3C135-4819-4493-A456-58842B2E225D}
	EndGlobalSection
EndGlobal
